
Microsoft Visual Studio Solution File, Format Version 12.00
# Visual Studio Version 17
VisualStudioVersion = 17.6.33815.320
MinimumVisualStudioVersion = 10.0.40219.1
Project("{9A19103F-16F7-4668-BE54-9A1E7A4F7556}") = "Checkmate", "Checkmate.csproj", "{7C8186A8-8481-4A59-B3D8-BD70C2CDF803}"
EndProject
Project("{9A19103F-16F7-4668-BE54-9A1E7A4F7556}") = "CheckmateLibrary", "..\CheckmateLibrary\CheckmateLibrary.csproj", "{FB477599-F868-45F1-9557-5A80E64A9482}"
EndProject
Global
	GlobalSection(SolutionConfigurationPlatforms) = preSolution
		Debug|Any CPU = Debug|Any CPU
		Release|Any CPU = Release|Any CPU
	EndGlobalSection
	GlobalSection(ProjectConfigurationPlatforms) = postSolution
		{7C8186A8-8481-4A59-B3D8-BD70C2CDF803}.Debug|Any CPU.ActiveCfg = Debug|Any CPU
		{7C8186A8-8481-4A59-B3D8-BD70C2CDF803}.Debug|Any CPU.Build.0 = Debug|Any CPU
		{7C8186A8-8481-4A59-B3D8-BD70C2CDF803}.Release|Any CPU.ActiveCfg = Release|Any CPU
		{7C8186A8-8481-4A59-B3D8-BD70C2CDF803}.Release|Any CPU.Build.0 = Release|Any CPU
		{FB477599-F868-45F1-9557-5A80E64A9482}.Debug|Any CPU.ActiveCfg = Debug|Any CPU
		{FB477599-F868-45F1-9557-5A80E64A9482}.Debug|Any CPU.Build.0 = Debug|Any CPU
		{FB477599-F868-45F1-9557-5A80E64A9482}.Release|Any CPU.ActiveCfg = Release|Any CPU
		{FB477599-F868-45F1-9557-5A80E64A9482}.Release|Any CPU.Build.0 = Release|Any CPU
	EndGlobalSection
	GlobalSection(SolutionProperties) = preSolution
		HideSolutionNode = FALSE
	EndGlobalSection
	GlobalSection(ExtensibilityGlobals) = postSolution
		SolutionGuid = {E349C8D1-FF65-46B9-9519-6F90493954B1}
	EndGlobalSection
EndGlobal
